// !$*UTF8*$!
{
	archiveVersion = 1;
	classes = {
	};
	objectVersion = 56;
	objects = {

/* Begin PBXBuildFile section */
		23404D202B07014E00B3B165 /* AreyouDownFill.swift in Sources */ = {isa = PBXBuildFile; fileRef = 23404D1F2B07014E00B3B165 /* AreyouDownFill.swift */; };
		2386C6432B06EB6F00004EE8 /* AreyouDown.swift in Sources */ = {isa = PBXBuildFile; fileRef = 2386C6422B06EB6F00004EE8 /* AreyouDown.swift */; };
		3644A0402B0ACABD003C5728 /* SF-Mono-Regular.otf in Resources */ = {isa = PBXBuildFile; fileRef = 3644A03F2B0ACABD003C5728 /* SF-Mono-Regular.otf */; };
		3644A0412B0ACABD003C5728 /* SF-Mono-Regular.otf in Resources */ = {isa = PBXBuildFile; fileRef = 3644A03F2B0ACABD003C5728 /* SF-Mono-Regular.otf */; };
		3644A0422B0ACABD003C5728 /* SF-Mono-Regular.otf in Resources */ = {isa = PBXBuildFile; fileRef = 3644A03F2B0ACABD003C5728 /* SF-Mono-Regular.otf */; };
		368F31162B06FEAC0045912E /* MysteryCards.swift in Sources */ = {isa = PBXBuildFile; fileRef = 368F31152B06FEAC0045912E /* MysteryCards.swift */; };
		4C16B9C42B08252400C21228 /* Assets.xcassets in Resources */ = {isa = PBXBuildFile; fileRef = 4C4304842B046A4400C34098 /* Assets.xcassets */; };
		4C16B9C52B08252400C21228 /* Assets.xcassets in Resources */ = {isa = PBXBuildFile; fileRef = 4C4304842B046A4400C34098 /* Assets.xcassets */; };
		4C16B9C72B08258A00C21228 /* SF-Mono-Light.otf in Resources */ = {isa = PBXBuildFile; fileRef = 4C16B9C62B08258A00C21228 /* SF-Mono-Light.otf */; };
		4C16B9D32B082C5700C21228 /* SF-Compact-Display-Bold.otf in Resources */ = {isa = PBXBuildFile; fileRef = 4C16B9D22B082BF800C21228 /* SF-Compact-Display-Bold.otf */; };
		4C2E4CFC2B08335E00280A2F /* Formatter.swift in Sources */ = {isa = PBXBuildFile; fileRef = 4C2E4CFB2B08335E00280A2F /* Formatter.swift */; };
		4C301F3B2B084925002013A1 /* UserData.swift in Sources */ = {isa = PBXBuildFile; fileRef = 4C301F3A2B084925002013A1 /* UserData.swift */; };
		4C301F3D2B08492F002013A1 /* MysterycardLayout.swift in Sources */ = {isa = PBXBuildFile; fileRef = 4C301F3C2B08492F002013A1 /* MysterycardLayout.swift */; };
		4C301F432B085D21002013A1 /* ExperienceView.swift in Sources */ = {isa = PBXBuildFile; fileRef = 4C301F422B085D21002013A1 /* ExperienceView.swift */; };
		4C4304812B046A4300C34098 /* ImDownApp.swift in Sources */ = {isa = PBXBuildFile; fileRef = 4C4304802B046A4300C34098 /* ImDownApp.swift */; };
		4C4304832B046A4300C34098 /* MainView.swift in Sources */ = {isa = PBXBuildFile; fileRef = 4C4304822B046A4300C34098 /* MainView.swift */; };
		4C4304852B046A4400C34098 /* Assets.xcassets in Resources */ = {isa = PBXBuildFile; fileRef = 4C4304842B046A4400C34098 /* Assets.xcassets */; };
		4C4304882B046A4400C34098 /* Preview Assets.xcassets in Resources */ = {isa = PBXBuildFile; fileRef = 4C4304872B046A4400C34098 /* Preview Assets.xcassets */; };
		4C4304922B046A4400C34098 /* ImDownTests.swift in Sources */ = {isa = PBXBuildFile; fileRef = 4C4304912B046A4400C34098 /* ImDownTests.swift */; };
		4C43049C2B046A4400C34098 /* ImDownUITests.swift in Sources */ = {isa = PBXBuildFile; fileRef = 4C43049B2B046A4400C34098 /* ImDownUITests.swift */; };
		4C43049E2B046A4400C34098 /* ImDownUITestsLaunchTests.swift in Sources */ = {isa = PBXBuildFile; fileRef = 4C43049D2B046A4400C34098 /* ImDownUITestsLaunchTests.swift */; };
		4C4304AD2B04728A00C34098 /* HomeScreen.swift in Sources */ = {isa = PBXBuildFile; fileRef = 4C4304AC2B04728A00C34098 /* HomeScreen.swift */; };
		4C4304B02B04769A00C34098 /* AttendeeView.swift in Sources */ = {isa = PBXBuildFile; fileRef = 4C4304AF2B04769A00C34098 /* AttendeeView.swift */; };
		4C4304B22B0476A100C34098 /* HostView.swift in Sources */ = {isa = PBXBuildFile; fileRef = 4C4304B12B0476A100C34098 /* HostView.swift */; };
		4C4304B42B0476A900C34098 /* ChatView.swift in Sources */ = {isa = PBXBuildFile; fileRef = 4C4304B32B0476A900C34098 /* ChatView.swift */; };
		4C4304B62B0476B100C34098 /* ProfileView.swift in Sources */ = {isa = PBXBuildFile; fileRef = 4C4304B52B0476B100C34098 /* ProfileView.swift */; };
		4C55748E2B04C3ED00252E36 /* Experience.swift in Sources */ = {isa = PBXBuildFile; fileRef = 4C55748D2B04C3ED00252E36 /* Experience.swift */; };
		4C5574902B04C64100252E36 /* Downer.swift in Sources */ = {isa = PBXBuildFile; fileRef = 4C55748F2B04C64100252E36 /* Downer.swift */; };
		4C93763E2B0AF62000899BB3 /* ExperienceData.swift in Sources */ = {isa = PBXBuildFile; fileRef = 4C93763D2B0AF62000899BB3 /* ExperienceData.swift */; };
		4CC231AE2B087D700010560F /* Profile.swift in Sources */ = {isa = PBXBuildFile; fileRef = 4CC231AD2B087D700010560F /* Profile.swift */; };
		4CFB05B42B05ADAE0076F956 /* NewExperience.swift in Sources */ = {isa = PBXBuildFile; fileRef = 4CFB05B32B05ADAE0076F956 /* NewExperience.swift */; };
/* End PBXBuildFile section */

/* Begin PBXContainerItemProxy section */
		4C43048E2B046A4400C34098 /* PBXContainerItemProxy */ = {
			isa = PBXContainerItemProxy;
			containerPortal = 4C4304752B046A4300C34098 /* Project object */;
			proxyType = 1;
			remoteGlobalIDString = 4C43047C2B046A4300C34098;
			remoteInfo = ImDown;
		};
		4C4304982B046A4400C34098 /* PBXContainerItemProxy */ = {
			isa = PBXContainerItemProxy;
			containerPortal = 4C4304752B046A4300C34098 /* Project object */;
			proxyType = 1;
			remoteGlobalIDString = 4C43047C2B046A4300C34098;
			remoteInfo = ImDown;
		};
/* End PBXContainerItemProxy section */

/* Begin PBXFileReference section */
		23404D1F2B07014E00B3B165 /* AreyouDownFill.swift */ = {isa = PBXFileReference; lastKnownFileType = sourcecode.swift; path = AreyouDownFill.swift; sourceTree = "<group>"; };
		2386C6422B06EB6F00004EE8 /* AreyouDown.swift */ = {isa = PBXFileReference; lastKnownFileType = sourcecode.swift; path = AreyouDown.swift; sourceTree = "<group>"; };
		3644A03F2B0ACABD003C5728 /* SF-Mono-Regular.otf */ = {isa = PBXFileReference; lastKnownFileType = file; name = "SF-Mono-Regular.otf"; path = "../../../../../../../../../Library/Fonts/SF-Mono-Regular.otf"; sourceTree = "<group>"; };
		368F31152B06FEAC0045912E /* MysteryCards.swift */ = {isa = PBXFileReference; lastKnownFileType = sourcecode.swift; path = MysteryCards.swift; sourceTree = "<group>"; };
		4C16B9C62B08258A00C21228 /* SF-Mono-Light.otf */ = {isa = PBXFileReference; lastKnownFileType = file; path = "SF-Mono-Light.otf"; sourceTree = "<group>"; };
		4C16B9D02B082A7500C21228 /* Info.plist */ = {isa = PBXFileReference; lastKnownFileType = text.plist; path = Info.plist; sourceTree = "<group>"; };
		4C16B9D22B082BF800C21228 /* SF-Compact-Display-Bold.otf */ = {isa = PBXFileReference; lastKnownFileType = file; path = "SF-Compact-Display-Bold.otf"; sourceTree = "<group>"; };
		4C2E4CFB2B08335E00280A2F /* Formatter.swift */ = {isa = PBXFileReference; lastKnownFileType = sourcecode.swift; path = Formatter.swift; sourceTree = "<group>"; };
		4C301F3A2B084925002013A1 /* UserData.swift */ = {isa = PBXFileReference; fileEncoding = 4; lastKnownFileType = sourcecode.swift; path = UserData.swift; sourceTree = "<group>"; };
		4C301F3C2B08492F002013A1 /* MysterycardLayout.swift */ = {isa = PBXFileReference; fileEncoding = 4; lastKnownFileType = sourcecode.swift; path = MysterycardLayout.swift; sourceTree = "<group>"; };
		4C301F422B085D21002013A1 /* ExperienceView.swift */ = {isa = PBXFileReference; lastKnownFileType = sourcecode.swift; path = ExperienceView.swift; sourceTree = "<group>"; };
		4C43047D2B046A4300C34098 /* ImDown.app */ = {isa = PBXFileReference; explicitFileType = wrapper.application; includeInIndex = 0; path = ImDown.app; sourceTree = BUILT_PRODUCTS_DIR; };
		4C4304802B046A4300C34098 /* ImDownApp.swift */ = {isa = PBXFileReference; lastKnownFileType = sourcecode.swift; path = ImDownApp.swift; sourceTree = "<group>"; };
		4C4304822B046A4300C34098 /* MainView.swift */ = {isa = PBXFileReference; lastKnownFileType = sourcecode.swift; path = MainView.swift; sourceTree = "<group>"; };
		4C4304842B046A4400C34098 /* Assets.xcassets */ = {isa = PBXFileReference; lastKnownFileType = folder.assetcatalog; path = Assets.xcassets; sourceTree = "<group>"; };
		4C4304872B046A4400C34098 /* Preview Assets.xcassets */ = {isa = PBXFileReference; lastKnownFileType = folder.assetcatalog; path = "Preview Assets.xcassets"; sourceTree = "<group>"; };
		4C43048D2B046A4400C34098 /* ImDownTests.xctest */ = {isa = PBXFileReference; explicitFileType = wrapper.cfbundle; includeInIndex = 0; path = ImDownTests.xctest; sourceTree = BUILT_PRODUCTS_DIR; };
		4C4304912B046A4400C34098 /* ImDownTests.swift */ = {isa = PBXFileReference; lastKnownFileType = sourcecode.swift; path = ImDownTests.swift; sourceTree = "<group>"; };
		4C4304972B046A4400C34098 /* ImDownUITests.xctest */ = {isa = PBXFileReference; explicitFileType = wrapper.cfbundle; includeInIndex = 0; path = ImDownUITests.xctest; sourceTree = BUILT_PRODUCTS_DIR; };
		4C43049B2B046A4400C34098 /* ImDownUITests.swift */ = {isa = PBXFileReference; lastKnownFileType = sourcecode.swift; path = ImDownUITests.swift; sourceTree = "<group>"; };
		4C43049D2B046A4400C34098 /* ImDownUITestsLaunchTests.swift */ = {isa = PBXFileReference; lastKnownFileType = sourcecode.swift; path = ImDownUITestsLaunchTests.swift; sourceTree = "<group>"; };
		4C4304AC2B04728A00C34098 /* HomeScreen.swift */ = {isa = PBXFileReference; lastKnownFileType = sourcecode.swift; lineEnding = 0; path = HomeScreen.swift; sourceTree = "<group>"; wrapsLines = 1; };
		4C4304AF2B04769A00C34098 /* AttendeeView.swift */ = {isa = PBXFileReference; lastKnownFileType = sourcecode.swift; path = AttendeeView.swift; sourceTree = "<group>"; };
		4C4304B12B0476A100C34098 /* HostView.swift */ = {isa = PBXFileReference; lastKnownFileType = sourcecode.swift; path = HostView.swift; sourceTree = "<group>"; };
		4C4304B32B0476A900C34098 /* ChatView.swift */ = {isa = PBXFileReference; lastKnownFileType = sourcecode.swift; path = ChatView.swift; sourceTree = "<group>"; };
		4C4304B52B0476B100C34098 /* ProfileView.swift */ = {isa = PBXFileReference; lastKnownFileType = sourcecode.swift; path = ProfileView.swift; sourceTree = "<group>"; };
		4C55748D2B04C3ED00252E36 /* Experience.swift */ = {isa = PBXFileReference; lastKnownFileType = sourcecode.swift; path = Experience.swift; sourceTree = "<group>"; };
		4C55748F2B04C64100252E36 /* Downer.swift */ = {isa = PBXFileReference; lastKnownFileType = sourcecode.swift; path = Downer.swift; sourceTree = "<group>"; };
		4C93763D2B0AF62000899BB3 /* ExperienceData.swift */ = {isa = PBXFileReference; lastKnownFileType = sourcecode.swift; path = ExperienceData.swift; sourceTree = "<group>"; };
		4CC231AD2B087D700010560F /* Profile.swift */ = {isa = PBXFileReference; lastKnownFileType = sourcecode.swift; path = Profile.swift; sourceTree = "<group>"; };
		4CFB05B32B05ADAE0076F956 /* NewExperience.swift */ = {isa = PBXFileReference; lastKnownFileType = sourcecode.swift; path = NewExperience.swift; sourceTree = "<group>"; };
/* End PBXFileReference section */

/* Begin PBXFrameworksBuildPhase section */
		4C43047A2B046A4300C34098 /* Frameworks */ = {
			isa = PBXFrameworksBuildPhase;
			buildActionMask = 2147483647;
			files = (
			);
			runOnlyForDeploymentPostprocessing = 0;
		};
		4C43048A2B046A4400C34098 /* Frameworks */ = {
			isa = PBXFrameworksBuildPhase;
			buildActionMask = 2147483647;
			files = (
			);
			runOnlyForDeploymentPostprocessing = 0;
		};
		4C4304942B046A4400C34098 /* Frameworks */ = {
			isa = PBXFrameworksBuildPhase;
			buildActionMask = 2147483647;
			files = (
			);
			runOnlyForDeploymentPostprocessing = 0;
		};
/* End PBXFrameworksBuildPhase section */

/* Begin PBXGroup section */
		4C16B9D12B082BEF00C21228 /* fonts */ = {
			isa = PBXGroup;
			children = (
				3644A03F2B0ACABD003C5728 /* SF-Mono-Regular.otf */,
				4C16B9C62B08258A00C21228 /* SF-Mono-Light.otf */,
				4C16B9D22B082BF800C21228 /* SF-Compact-Display-Bold.otf */,
			);
			path = fonts;
			sourceTree = "<group>";
		};
		4C301F3E2B085BD7002013A1 /* TemporaryBackend */ = {
			isa = PBXGroup;
			children = (
				4C301F3A2B084925002013A1 /* UserData.swift */,
				4C93763D2B0AF62000899BB3 /* ExperienceData.swift */,
			);
			path = TemporaryBackend;
			sourceTree = "<group>";
		};
		4C301F3F2B085C03002013A1 /* ExperienceViews */ = {
			isa = PBXGroup;
			children = (
				4CFB05B32B05ADAE0076F956 /* NewExperience.swift */,
				4C4304AC2B04728A00C34098 /* HomeScreen.swift */,
				4C301F422B085D21002013A1 /* ExperienceView.swift */,
			);
			path = ExperienceViews;
			sourceTree = "<group>";
		};
		4C301F402B085C31002013A1 /* CardsViews */ = {
			isa = PBXGroup;
			children = (
				368F31152B06FEAC0045912E /* MysteryCards.swift */,
				4C301F3C2B08492F002013A1 /* MysterycardLayout.swift */,
				2386C6422B06EB6F00004EE8 /* AreyouDown.swift */,
				23404D1F2B07014E00B3B165 /* AreyouDownFill.swift */,
			);
			path = CardsViews;
			sourceTree = "<group>";
		};
		4C301F412B085C50002013A1 /* MainViews */ = {
			isa = PBXGroup;
			children = (
				4C4304AF2B04769A00C34098 /* AttendeeView.swift */,
				4C4304B12B0476A100C34098 /* HostView.swift */,
				4C4304B32B0476A900C34098 /* ChatView.swift */,
				4C4304B52B0476B100C34098 /* ProfileView.swift */,
			);
			path = MainViews;
			sourceTree = "<group>";
		};
		4C4304742B046A4300C34098 = {
			isa = PBXGroup;
			children = (
				4C43047F2B046A4300C34098 /* ImDown */,
				4C4304902B046A4400C34098 /* ImDownTests */,
				4C43049A2B046A4400C34098 /* ImDownUITests */,
				4C43047E2B046A4300C34098 /* Products */,
			);
			sourceTree = "<group>";
		};
		4C43047E2B046A4300C34098 /* Products */ = {
			isa = PBXGroup;
			children = (
				4C43047D2B046A4300C34098 /* ImDown.app */,
				4C43048D2B046A4400C34098 /* ImDownTests.xctest */,
				4C4304972B046A4400C34098 /* ImDownUITests.xctest */,
			);
			name = Products;
			sourceTree = "<group>";
		};
		4C43047F2B046A4300C34098 /* ImDown */ = {
			isa = PBXGroup;
			children = (
				4C301F3E2B085BD7002013A1 /* TemporaryBackend */,
				4C16B9D12B082BEF00C21228 /* fonts */,
				4C16B9D02B082A7500C21228 /* Info.plist */,
				4C4304802B046A4300C34098 /* ImDownApp.swift */,
				4C4304822B046A4300C34098 /* MainView.swift */,
				4C55748F2B04C64100252E36 /* Downer.swift */,
				4C55748D2B04C3ED00252E36 /* Experience.swift */,
				4C2E4CFB2B08335E00280A2F /* Formatter.swift */,
				4CC231AD2B087D700010560F /* Profile.swift */,
				4C4304842B046A4400C34098 /* Assets.xcassets */,
				4C4304862B046A4400C34098 /* Preview Content */,
				4C301F3F2B085C03002013A1 /* ExperienceViews */,
				4C301F412B085C50002013A1 /* MainViews */,
				4C301F402B085C31002013A1 /* CardsViews */,
			);
			path = ImDown;
			sourceTree = "<group>";
		};
		4C4304862B046A4400C34098 /* Preview Content */ = {
			isa = PBXGroup;
			children = (
				4C4304872B046A4400C34098 /* Preview Assets.xcassets */,
			);
			path = "Preview Content";
			sourceTree = "<group>";
		};
		4C4304902B046A4400C34098 /* ImDownTests */ = {
			isa = PBXGroup;
			children = (
				4C4304912B046A4400C34098 /* ImDownTests.swift */,
			);
			path = ImDownTests;
			sourceTree = "<group>";
		};
		4C43049A2B046A4400C34098 /* ImDownUITests */ = {
			isa = PBXGroup;
			children = (
				4C43049B2B046A4400C34098 /* ImDownUITests.swift */,
				4C43049D2B046A4400C34098 /* ImDownUITestsLaunchTests.swift */,
			);
			path = ImDownUITests;
			sourceTree = "<group>";
		};
/* End PBXGroup section */

/* Begin PBXNativeTarget section */
		4C43047C2B046A4300C34098 /* ImDown */ = {
			isa = PBXNativeTarget;
			buildConfigurationList = 4C4304A12B046A4400C34098 /* Build configuration list for PBXNativeTarget "ImDown" */;
			buildPhases = (
				4C4304792B046A4300C34098 /* Sources */,
				4C43047A2B046A4300C34098 /* Frameworks */,
				4C43047B2B046A4300C34098 /* Resources */,
			);
			buildRules = (
			);
			dependencies = (
			);
			name = ImDown;
			productName = ImDown;
			productReference = 4C43047D2B046A4300C34098 /* ImDown.app */;
			productType = "com.apple.product-type.application";
		};
		4C43048C2B046A4400C34098 /* ImDownTests */ = {
			isa = PBXNativeTarget;
			buildConfigurationList = 4C4304A42B046A4400C34098 /* Build configuration list for PBXNativeTarget "ImDownTests" */;
			buildPhases = (
				4C4304892B046A4400C34098 /* Sources */,
				4C43048A2B046A4400C34098 /* Frameworks */,
				4C43048B2B046A4400C34098 /* Resources */,
			);
			buildRules = (
			);
			dependencies = (
				4C43048F2B046A4400C34098 /* PBXTargetDependency */,
			);
			name = ImDownTests;
			productName = ImDownTests;
			productReference = 4C43048D2B046A4400C34098 /* ImDownTests.xctest */;
			productType = "com.apple.product-type.bundle.unit-test";
		};
		4C4304962B046A4400C34098 /* ImDownUITests */ = {
			isa = PBXNativeTarget;
			buildConfigurationList = 4C4304A72B046A4400C34098 /* Build configuration list for PBXNativeTarget "ImDownUITests" */;
			buildPhases = (
				4C4304932B046A4400C34098 /* Sources */,
				4C4304942B046A4400C34098 /* Frameworks */,
				4C4304952B046A4400C34098 /* Resources */,
			);
			buildRules = (
			);
			dependencies = (
				4C4304992B046A4400C34098 /* PBXTargetDependency */,
			);
			name = ImDownUITests;
			productName = ImDownUITests;
			productReference = 4C4304972B046A4400C34098 /* ImDownUITests.xctest */;
			productType = "com.apple.product-type.bundle.ui-testing";
		};
/* End PBXNativeTarget section */

/* Begin PBXProject section */
		4C4304752B046A4300C34098 /* Project object */ = {
			isa = PBXProject;
			attributes = {
				BuildIndependentTargetsInParallel = 1;
				LastSwiftUpdateCheck = 1500;
				LastUpgradeCheck = 1500;
				TargetAttributes = {
					4C43047C2B046A4300C34098 = {
						CreatedOnToolsVersion = 15.0.1;
					};
					4C43048C2B046A4400C34098 = {
						CreatedOnToolsVersion = 15.0.1;
						TestTargetID = 4C43047C2B046A4300C34098;
					};
					4C4304962B046A4400C34098 = {
						CreatedOnToolsVersion = 15.0.1;
						TestTargetID = 4C43047C2B046A4300C34098;
					};
				};
			};
			buildConfigurationList = 4C4304782B046A4300C34098 /* Build configuration list for PBXProject "ImDown" */;
			compatibilityVersion = "Xcode 14.0";
			developmentRegion = en;
			hasScannedForEncodings = 0;
			knownRegions = (
				en,
				Base,
			);
			mainGroup = 4C4304742B046A4300C34098;
			productRefGroup = 4C43047E2B046A4300C34098 /* Products */;
			projectDirPath = "";
			projectRoot = "";
			targets = (
				4C43047C2B046A4300C34098 /* ImDown */,
				4C43048C2B046A4400C34098 /* ImDownTests */,
				4C4304962B046A4400C34098 /* ImDownUITests */,
			);
		};
/* End PBXProject section */

/* Begin PBXResourcesBuildPhase section */
		4C43047B2B046A4300C34098 /* Resources */ = {
			isa = PBXResourcesBuildPhase;
			buildActionMask = 2147483647;
			files = (
				4C16B9C72B08258A00C21228 /* SF-Mono-Light.otf in Resources */,
				4C4304882B046A4400C34098 /* Preview Assets.xcassets in Resources */,
				3644A0402B0ACABD003C5728 /* SF-Mono-Regular.otf in Resources */,
				4C16B9D32B082C5700C21228 /* SF-Compact-Display-Bold.otf in Resources */,
				4C4304852B046A4400C34098 /* Assets.xcassets in Resources */,
			);
			runOnlyForDeploymentPostprocessing = 0;
		};
		4C43048B2B046A4400C34098 /* Resources */ = {
			isa = PBXResourcesBuildPhase;
			buildActionMask = 2147483647;
			files = (
				3644A0412B0ACABD003C5728 /* SF-Mono-Regular.otf in Resources */,
				4C16B9C42B08252400C21228 /* Assets.xcassets in Resources */,
			);
			runOnlyForDeploymentPostprocessing = 0;
		};
		4C4304952B046A4400C34098 /* Resources */ = {
			isa = PBXResourcesBuildPhase;
			buildActionMask = 2147483647;
			files = (
				3644A0422B0ACABD003C5728 /* SF-Mono-Regular.otf in Resources */,
				4C16B9C52B08252400C21228 /* Assets.xcassets in Resources */,
			);
			runOnlyForDeploymentPostprocessing = 0;
		};
/* End PBXResourcesBuildPhase section */

/* Begin PBXSourcesBuildPhase section */
		4C4304792B046A4300C34098 /* Sources */ = {
			isa = PBXSourcesBuildPhase;
			buildActionMask = 2147483647;
			files = (
				4C4304832B046A4300C34098 /* MainView.swift in Sources */,
				4C4304B22B0476A100C34098 /* HostView.swift in Sources */,
				4C4304812B046A4300C34098 /* ImDownApp.swift in Sources */,
				4C301F432B085D21002013A1 /* ExperienceView.swift in Sources */,
				4C301F3B2B084925002013A1 /* UserData.swift in Sources */,
				23404D202B07014E00B3B165 /* AreyouDownFill.swift in Sources */,
				4C55748E2B04C3ED00252E36 /* Experience.swift in Sources */,
				4CC231AE2B087D700010560F /* Profile.swift in Sources */,
				4CFB05B42B05ADAE0076F956 /* NewExperience.swift in Sources */,
				4C301F3D2B08492F002013A1 /* MysterycardLayout.swift in Sources */,
				4C4304B02B04769A00C34098 /* AttendeeView.swift in Sources */,
				4C5574902B04C64100252E36 /* Downer.swift in Sources */,
				368F31162B06FEAC0045912E /* MysteryCards.swift in Sources */,
				4C4304B42B0476A900C34098 /* ChatView.swift in Sources */,
				4C2E4CFC2B08335E00280A2F /* Formatter.swift in Sources */,
				4C4304B62B0476B100C34098 /* ProfileView.swift in Sources */,
				2386C6432B06EB6F00004EE8 /* AreyouDown.swift in Sources */,
				4C93763E2B0AF62000899BB3 /* ExperienceData.swift in Sources */,
				4C4304AD2B04728A00C34098 /* HomeScreen.swift in Sources */,
			);
			runOnlyForDeploymentPostprocessing = 0;
		};
		4C4304892B046A4400C34098 /* Sources */ = {
			isa = PBXSourcesBuildPhase;
			buildActionMask = 2147483647;
			files = (
				4C4304922B046A4400C34098 /* ImDownTests.swift in Sources */,
			);
			runOnlyForDeploymentPostprocessing = 0;
		};
		4C4304932B046A4400C34098 /* Sources */ = {
			isa = PBXSourcesBuildPhase;
			buildActionMask = 2147483647;
			files = (
				4C43049E2B046A4400C34098 /* ImDownUITestsLaunchTests.swift in Sources */,
				4C43049C2B046A4400C34098 /* ImDownUITests.swift in Sources */,
			);
			runOnlyForDeploymentPostprocessing = 0;
		};
/* End PBXSourcesBuildPhase section */

/* Begin PBXTargetDependency section */
		4C43048F2B046A4400C34098 /* PBXTargetDependency */ = {
			isa = PBXTargetDependency;
			target = 4C43047C2B046A4300C34098 /* ImDown */;
			targetProxy = 4C43048E2B046A4400C34098 /* PBXContainerItemProxy */;
		};
		4C4304992B046A4400C34098 /* PBXTargetDependency */ = {
			isa = PBXTargetDependency;
			target = 4C43047C2B046A4300C34098 /* ImDown */;
			targetProxy = 4C4304982B046A4400C34098 /* PBXContainerItemProxy */;
		};
/* End PBXTargetDependency section */

/* Begin XCBuildConfiguration section */
		4C43049F2B046A4400C34098 /* Debug */ = {
			isa = XCBuildConfiguration;
			buildSettings = {
				ALWAYS_SEARCH_USER_PATHS = NO;
				ASSETCATALOG_COMPILER_GENERATE_SWIFT_ASSET_SYMBOL_EXTENSIONS = YES;
				CLANG_ANALYZER_NONNULL = YES;
				CLANG_ANALYZER_NUMBER_OBJECT_CONVERSION = YES_AGGRESSIVE;
				CLANG_CXX_LANGUAGE_STANDARD = "gnu++20";
				CLANG_ENABLE_MODULES = YES;
				CLANG_ENABLE_OBJC_ARC = YES;
				CLANG_ENABLE_OBJC_WEAK = YES;
				CLANG_WARN_BLOCK_CAPTURE_AUTORELEASING = YES;
				CLANG_WARN_BOOL_CONVERSION = YES;
				CLANG_WARN_COMMA = YES;
				CLANG_WARN_CONSTANT_CONVERSION = YES;
				CLANG_WARN_DEPRECATED_OBJC_IMPLEMENTATIONS = YES;
				CLANG_WARN_DIRECT_OBJC_ISA_USAGE = YES_ERROR;
				CLANG_WARN_DOCUMENTATION_COMMENTS = YES;
				CLANG_WARN_EMPTY_BODY = YES;
				CLANG_WARN_ENUM_CONVERSION = YES;
				CLANG_WARN_INFINITE_RECURSION = YES;
				CLANG_WARN_INT_CONVERSION = YES;
				CLANG_WARN_NON_LITERAL_NULL_CONVERSION = YES;
				CLANG_WARN_OBJC_IMPLICIT_RETAIN_SELF = YES;
				CLANG_WARN_OBJC_LITERAL_CONVERSION = YES;
				CLANG_WARN_OBJC_ROOT_CLASS = YES_ERROR;
				CLANG_WARN_QUOTED_INCLUDE_IN_FRAMEWORK_HEADER = YES;
				CLANG_WARN_RANGE_LOOP_ANALYSIS = YES;
				CLANG_WARN_STRICT_PROTOTYPES = YES;
				CLANG_WARN_SUSPICIOUS_MOVE = YES;
				CLANG_WARN_UNGUARDED_AVAILABILITY = YES_AGGRESSIVE;
				CLANG_WARN_UNREACHABLE_CODE = YES;
				CLANG_WARN__DUPLICATE_METHOD_MATCH = YES;
				COPY_PHASE_STRIP = NO;
				DEBUG_INFORMATION_FORMAT = dwarf;
				ENABLE_STRICT_OBJC_MSGSEND = YES;
				ENABLE_TESTABILITY = YES;
				ENABLE_USER_SCRIPT_SANDBOXING = YES;
				GCC_C_LANGUAGE_STANDARD = gnu17;
				GCC_DYNAMIC_NO_PIC = NO;
				GCC_NO_COMMON_BLOCKS = YES;
				GCC_OPTIMIZATION_LEVEL = 0;
				GCC_PREPROCESSOR_DEFINITIONS = (
					"DEBUG=1",
					"$(inherited)",
				);
				GCC_WARN_64_TO_32_BIT_CONVERSION = YES;
				GCC_WARN_ABOUT_RETURN_TYPE = YES_ERROR;
				GCC_WARN_UNDECLARED_SELECTOR = YES;
				GCC_WARN_UNINITIALIZED_AUTOS = YES_AGGRESSIVE;
				GCC_WARN_UNUSED_FUNCTION = YES;
				GCC_WARN_UNUSED_VARIABLE = YES;
				IPHONEOS_DEPLOYMENT_TARGET = 17.0;
				LOCALIZATION_PREFERS_STRING_CATALOGS = YES;
				MTL_ENABLE_DEBUG_INFO = INCLUDE_SOURCE;
				MTL_FAST_MATH = YES;
				ONLY_ACTIVE_ARCH = YES;
				SDKROOT = iphoneos;
				SWIFT_ACTIVE_COMPILATION_CONDITIONS = "DEBUG $(inherited)";
				SWIFT_OPTIMIZATION_LEVEL = "-Onone";
			};
			name = Debug;
		};
		4C4304A02B046A4400C34098 /* Release */ = {
			isa = XCBuildConfiguration;
			buildSettings = {
				ALWAYS_SEARCH_USER_PATHS = NO;
				ASSETCATALOG_COMPILER_GENERATE_SWIFT_ASSET_SYMBOL_EXTENSIONS = YES;
				CLANG_ANALYZER_NONNULL = YES;
				CLANG_ANALYZER_NUMBER_OBJECT_CONVERSION = YES_AGGRESSIVE;
				CLANG_CXX_LANGUAGE_STANDARD = "gnu++20";
				CLANG_ENABLE_MODULES = YES;
				CLANG_ENABLE_OBJC_ARC = YES;
				CLANG_ENABLE_OBJC_WEAK = YES;
				CLANG_WARN_BLOCK_CAPTURE_AUTORELEASING = YES;
				CLANG_WARN_BOOL_CONVERSION = YES;
				CLANG_WARN_COMMA = YES;
				CLANG_WARN_CONSTANT_CONVERSION = YES;
				CLANG_WARN_DEPRECATED_OBJC_IMPLEMENTATIONS = YES;
				CLANG_WARN_DIRECT_OBJC_ISA_USAGE = YES_ERROR;
				CLANG_WARN_DOCUMENTATION_COMMENTS = YES;
				CLANG_WARN_EMPTY_BODY = YES;
				CLANG_WARN_ENUM_CONVERSION = YES;
				CLANG_WARN_INFINITE_RECURSION = YES;
				CLANG_WARN_INT_CONVERSION = YES;
				CLANG_WARN_NON_LITERAL_NULL_CONVERSION = YES;
				CLANG_WARN_OBJC_IMPLICIT_RETAIN_SELF = YES;
				CLANG_WARN_OBJC_LITERAL_CONVERSION = YES;
				CLANG_WARN_OBJC_ROOT_CLASS = YES_ERROR;
				CLANG_WARN_QUOTED_INCLUDE_IN_FRAMEWORK_HEADER = YES;
				CLANG_WARN_RANGE_LOOP_ANALYSIS = YES;
				CLANG_WARN_STRICT_PROTOTYPES = YES;
				CLANG_WARN_SUSPICIOUS_MOVE = YES;
				CLANG_WARN_UNGUARDED_AVAILABILITY = YES_AGGRESSIVE;
				CLANG_WARN_UNREACHABLE_CODE = YES;
				CLANG_WARN__DUPLICATE_METHOD_MATCH = YES;
				COPY_PHASE_STRIP = NO;
				DEBUG_INFORMATION_FORMAT = "dwarf-with-dsym";
				ENABLE_NS_ASSERTIONS = NO;
				ENABLE_STRICT_OBJC_MSGSEND = YES;
				ENABLE_USER_SCRIPT_SANDBOXING = YES;
				GCC_C_LANGUAGE_STANDARD = gnu17;
				GCC_NO_COMMON_BLOCKS = YES;
				GCC_WARN_64_TO_32_BIT_CONVERSION = YES;
				GCC_WARN_ABOUT_RETURN_TYPE = YES_ERROR;
				GCC_WARN_UNDECLARED_SELECTOR = YES;
				GCC_WARN_UNINITIALIZED_AUTOS = YES_AGGRESSIVE;
				GCC_WARN_UNUSED_FUNCTION = YES;
				GCC_WARN_UNUSED_VARIABLE = YES;
				IPHONEOS_DEPLOYMENT_TARGET = 17.0;
				LOCALIZATION_PREFERS_STRING_CATALOGS = YES;
				MTL_ENABLE_DEBUG_INFO = NO;
				MTL_FAST_MATH = YES;
				SDKROOT = iphoneos;
				SWIFT_COMPILATION_MODE = wholemodule;
				VALIDATE_PRODUCT = YES;
			};
			name = Release;
		};
		4C4304A22B046A4400C34098 /* Debug */ = {
			isa = XCBuildConfiguration;
			buildSettings = {
				ASSETCATALOG_COMPILER_APPICON_NAME = AppIcon;
				ASSETCATALOG_COMPILER_GLOBAL_ACCENT_COLOR_NAME = AccentColor;
				CODE_SIGN_STYLE = Automatic;
				CURRENT_PROJECT_VERSION = 1;
				DEVELOPMENT_ASSET_PATHS = "\"ImDown/Preview Content\"";
				DEVELOPMENT_TEAM = RHDH3SJ292;
				ENABLE_PREVIEWS = YES;
				GENERATE_INFOPLIST_FILE = YES;
				INFOPLIST_FILE = ImDown/Info.plist;
				INFOPLIST_KEY_NSCameraUsageDescription = "This app lets you take photos to share your Experience.";
				INFOPLIST_KEY_NSLocationUsageDescription = "This app uses your location to find new experiences near you.";
				INFOPLIST_KEY_NSPhotoLibraryUsageDescription = "This app lets you upload photos and share them to promote your own experience.";
				INFOPLIST_KEY_UIApplicationSceneManifest_Generation = YES;
				INFOPLIST_KEY_UIApplicationSupportsIndirectInputEvents = YES;
				INFOPLIST_KEY_UILaunchScreen_Generation = YES;
				INFOPLIST_KEY_UISupportedInterfaceOrientations_iPad = "UIInterfaceOrientationPortrait UIInterfaceOrientationPortraitUpsideDown UIInterfaceOrientationLandscapeLeft UIInterfaceOrientationLandscapeRight";
				INFOPLIST_KEY_UISupportedInterfaceOrientations_iPhone = "UIInterfaceOrientationPortrait UIInterfaceOrientationLandscapeLeft UIInterfaceOrientationLandscapeRight";
				LD_RUNPATH_SEARCH_PATHS = (
					"$(inherited)",
					"@executable_path/Frameworks",
				);
				MARKETING_VERSION = 1.0;
				PRODUCT_BUNDLE_IDENTIFIER = au.edu.uts.ImDown;
				PRODUCT_NAME = "$(TARGET_NAME)";
				SWIFT_EMIT_LOC_STRINGS = YES;
				SWIFT_VERSION = 5.0;
				TARGETED_DEVICE_FAMILY = "1,2";
			};
			name = Debug;
		};
		4C4304A32B046A4400C34098 /* Release */ = {
			isa = XCBuildConfiguration;
			buildSettings = {
				ASSETCATALOG_COMPILER_APPICON_NAME = AppIcon;
				ASSETCATALOG_COMPILER_GLOBAL_ACCENT_COLOR_NAME = AccentColor;
				CODE_SIGN_STYLE = Automatic;
				CURRENT_PROJECT_VERSION = 1;
				DEVELOPMENT_ASSET_PATHS = "\"ImDown/Preview Content\"";
				DEVELOPMENT_TEAM = RHDH3SJ292;
				ENABLE_PREVIEWS = YES;
				GENERATE_INFOPLIST_FILE = YES;
				INFOPLIST_FILE = ImDown/Info.plist;
				INFOPLIST_KEY_NSCameraUsageDescription = "This app lets you take photos to share your Experience.";
				INFOPLIST_KEY_NSLocationUsageDescription = "This app uses your location to find new experiences near you.";
				INFOPLIST_KEY_NSPhotoLibraryUsageDescription = "This app lets you upload photos and share them to promote your own experience.";
				INFOPLIST_KEY_UIApplicationSceneManifest_Generation = YES;
				INFOPLIST_KEY_UIApplicationSupportsIndirectInputEvents = YES;
				INFOPLIST_KEY_UILaunchScreen_Generation = YES;
				INFOPLIST_KEY_UISupportedInterfaceOrientations_iPad = "UIInterfaceOrientationPortrait UIInterfaceOrientationPortraitUpsideDown UIInterfaceOrientationLandscapeLeft UIInterfaceOrientationLandscapeRight";
				INFOPLIST_KEY_UISupportedInterfaceOrientations_iPhone = "UIInterfaceOrientationPortrait UIInterfaceOrientationLandscapeLeft UIInterfaceOrientationLandscapeRight";
				LD_RUNPATH_SEARCH_PATHS = (
					"$(inherited)",
					"@executable_path/Frameworks",
				);
				MARKETING_VERSION = 1.0;
				PRODUCT_BUNDLE_IDENTIFIER = au.edu.uts.ImDown;
				PRODUCT_NAME = "$(TARGET_NAME)";
				SWIFT_EMIT_LOC_STRINGS = YES;
				SWIFT_VERSION = 5.0;
				TARGETED_DEVICE_FAMILY = "1,2";
			};
			name = Release;
		};
		4C4304A52B046A4400C34098 /* Debug */ = {
			isa = XCBuildConfiguration;
			buildSettings = {
				ALWAYS_EMBED_SWIFT_STANDARD_LIBRARIES = YES;
				BUNDLE_LOADER = "$(TEST_HOST)";
				CODE_SIGN_STYLE = Automatic;
				CURRENT_PROJECT_VERSION = 1;
				DEVELOPMENT_TEAM = RHDH3SJ292;
				GENERATE_INFOPLIST_FILE = YES;
				IPHONEOS_DEPLOYMENT_TARGET = 17.0;
				MARKETING_VERSION = 1.0;
				PRODUCT_BUNDLE_IDENTIFIER = UTS.ImDownTests;
				PRODUCT_NAME = "$(TARGET_NAME)";
				SWIFT_EMIT_LOC_STRINGS = NO;
				SWIFT_VERSION = 5.0;
				TARGETED_DEVICE_FAMILY = "1,2";
				TEST_HOST = "$(BUILT_PRODUCTS_DIR)/ImDown.app/$(BUNDLE_EXECUTABLE_FOLDER_PATH)/ImDown";
			};
			name = Debug;
		};
		4C4304A62B046A4400C34098 /* Release */ = {
			isa = XCBuildConfiguration;
			buildSettings = {
				ALWAYS_EMBED_SWIFT_STANDARD_LIBRARIES = YES;
				BUNDLE_LOADER = "$(TEST_HOST)";
				CODE_SIGN_STYLE = Automatic;
				CURRENT_PROJECT_VERSION = 1;
				DEVELOPMENT_TEAM = RHDH3SJ292;
				GENERATE_INFOPLIST_FILE = YES;
				IPHONEOS_DEPLOYMENT_TARGET = 17.0;
				MARKETING_VERSION = 1.0;
				PRODUCT_BUNDLE_IDENTIFIER = UTS.ImDownTests;
				PRODUCT_NAME = "$(TARGET_NAME)";
				SWIFT_EMIT_LOC_STRINGS = NO;
				SWIFT_VERSION = 5.0;
				TARGETED_DEVICE_FAMILY = "1,2";
				TEST_HOST = "$(BUILT_PRODUCTS_DIR)/ImDown.app/$(BUNDLE_EXECUTABLE_FOLDER_PATH)/ImDown";
			};
			name = Release;
		};
		4C4304A82B046A4400C34098 /* Debug */ = {
			isa = XCBuildConfiguration;
			buildSettings = {
				ALWAYS_EMBED_SWIFT_STANDARD_LIBRARIES = YES;
				CODE_SIGN_STYLE = Automatic;
				CURRENT_PROJECT_VERSION = 1;
				DEVELOPMENT_TEAM = RHDH3SJ292;
				GENERATE_INFOPLIST_FILE = YES;
				MARKETING_VERSION = 1.0;
				PRODUCT_BUNDLE_IDENTIFIER = UTS.ImDownUITests;
				PRODUCT_NAME = "$(TARGET_NAME)";
				SWIFT_EMIT_LOC_STRINGS = NO;
				SWIFT_VERSION = 5.0;
				TARGETED_DEVICE_FAMILY = "1,2";
				TEST_TARGET_NAME = ImDown;
			};
			name = Debug;
		};
		4C4304A92B046A4400C34098 /* Release */ = {
			isa = XCBuildConfiguration;
			buildSettings = {
				ALWAYS_EMBED_SWIFT_STANDARD_LIBRARIES = YES;
				CODE_SIGN_STYLE = Automatic;
				CURRENT_PROJECT_VERSION = 1;
				DEVELOPMENT_TEAM = RHDH3SJ292;
				GENERATE_INFOPLIST_FILE = YES;
				MARKETING_VERSION = 1.0;
				PRODUCT_BUNDLE_IDENTIFIER = UTS.ImDownUITests;
				PRODUCT_NAME = "$(TARGET_NAME)";
				SWIFT_EMIT_LOC_STRINGS = NO;
				SWIFT_VERSION = 5.0;
				TARGETED_DEVICE_FAMILY = "1,2";
				TEST_TARGET_NAME = ImDown;
			};
			name = Release;
		};
/* End XCBuildConfiguration section */

/* Begin XCConfigurationList section */
		4C4304782B046A4300C34098 /* Build configuration list for PBXProject "ImDown" */ = {
			isa = XCConfigurationList;
			buildConfigurations = (
				4C43049F2B046A4400C34098 /* Debug */,
				4C4304A02B046A4400C34098 /* Release */,
			);
			defaultConfigurationIsVisible = 0;
			defaultConfigurationName = Release;
		};
		4C4304A12B046A4400C34098 /* Build configuration list for PBXNativeTarget "ImDown" */ = {
			isa = XCConfigurationList;
			buildConfigurations = (
				4C4304A22B046A4400C34098 /* Debug */,
				4C4304A32B046A4400C34098 /* Release */,
			);
			defaultConfigurationIsVisible = 0;
			defaultConfigurationName = Release;
		};
		4C4304A42B046A4400C34098 /* Build configuration list for PBXNativeTarget "ImDownTests" */ = {
			isa = XCConfigurationList;
			buildConfigurations = (
				4C4304A52B046A4400C34098 /* Debug */,
				4C4304A62B046A4400C34098 /* Release */,
			);
			defaultConfigurationIsVisible = 0;
			defaultConfigurationName = Release;
		};
		4C4304A72B046A4400C34098 /* Build configuration list for PBXNativeTarget "ImDownUITests" */ = {
			isa = XCConfigurationList;
			buildConfigurations = (
				4C4304A82B046A4400C34098 /* Debug */,
				4C4304A92B046A4400C34098 /* Release */,
			);
			defaultConfigurationIsVisible = 0;
			defaultConfigurationName = Release;
		};
/* End XCConfigurationList section */
	};
	rootObject = 4C4304752B046A4300C34098 /* Project object */;
}
